
Microsoft Visual Studio Solution File, Format Version 12.00
# Visual Studio Version 17
VisualStudioVersion = 17.14.36623.8
MinimumVisualStudioVersion = 10.0.40219.1
Project("{FAE04EC0-301F-11D3-BF4B-00C04F79EFBC}") = "Soat.Eleven.FastFood.User.Api", "Soat.Eleven.FastFood.User.Api.csproj", "{B93958CC-E795-4923-9403-0E9740C268FA}"
EndProject
Project("{FAE04EC0-301F-11D3-BF4B-00C04F79EFBC}") = "Soat.Eleven.FastFood.User.Domain", "..\Soat.Eleven.FastFood.User.Domain\Soat.Eleven.FastFood.User.Domain.csproj", "{0E059757-E880-4E59-90B5-BA2AEACD3CF6}"
EndProject
Global
	GlobalSection(SolutionConfigurationPlatforms) = preSolution
		Debug|Any CPU = Debug|Any CPU
		Release|Any CPU = Release|Any CPU
	EndGlobalSection
	GlobalSection(ProjectConfigurationPlatforms) = postSolution
		{B93958CC-E795-4923-9403-0E9740C268FA}.Debug|Any CPU.ActiveCfg = Debug|Any CPU
		{B93958CC-E795-4923-9403-0E9740C268FA}.Debug|Any CPU.Build.0 = Debug|Any CPU
		{B93958CC-E795-4923-9403-0E9740C268FA}.Release|Any CPU.ActiveCfg = Release|Any CPU
		{B93958CC-E795-4923-9403-0E9740C268FA}.Release|Any CPU.Build.0 = Release|Any CPU
		{0E059757-E880-4E59-90B5-BA2AEACD3CF6}.Debug|Any CPU.ActiveCfg = Debug|Any CPU
		{0E059757-E880-4E59-90B5-BA2AEACD3CF6}.Debug|Any CPU.Build.0 = Debug|Any CPU
		{0E059757-E880-4E59-90B5-BA2AEACD3CF6}.Release|Any CPU.ActiveCfg = Release|Any CPU
		{0E059757-E880-4E59-90B5-BA2AEACD3CF6}.Release|Any CPU.Build.0 = Release|Any CPU
	EndGlobalSection
	GlobalSection(SolutionProperties) = preSolution
		HideSolutionNode = FALSE
	EndGlobalSection
	GlobalSection(ExtensibilityGlobals) = postSolution
		SolutionGuid = {B485D8F9-CCDB-4A29-9488-E10618AE4D6E}
	EndGlobalSection
EndGlobal
