
Microsoft Visual Studio Solution File, Format Version 12.00
# Visual Studio Version 18
VisualStudioVersion = 18.0.11205.157
MinimumVisualStudioVersion = 10.0.40219.1
Project("{FAE04EC0-301F-11D3-BF4B-00C04F79EFBC}") = "Soat.Eleven.FastFood.User.Api", "Soat.Eleven.FastFood.User.Api\Soat.Eleven.FastFood.User.Api.csproj", "{B93958CC-E795-4923-9403-0E9740C268FA}"
EndProject
Project("{FAE04EC0-301F-11D3-BF4B-00C04F79EFBC}") = "Soat.Eleven.FastFood.User.Domain", "Soat.Eleven.FastFood.User.Domain\Soat.Eleven.FastFood.User.Domain.csproj", "{0E059757-E880-4E59-90B5-BA2AEACD3CF6}"
EndProject
Project("{FAE04EC0-301F-11D3-BF4B-00C04F79EFBC}") = "Soat.Eleven.FastFood.User.Infra", "Soat.Eleven.FastFood.User.Infra\Soat.Eleven.FastFood.User.Infra.csproj", "{43A97243-45FA-4367-971F-602EEF3FF076}"
EndProject
Project("{FAE04EC0-301F-11D3-BF4B-00C04F79EFBC}") = "Soat.Eleven.FastFood.User.Application", "Soat.Eleven.FastFood.User.Application\Soat.Eleven.FastFood.User.Application.csproj", "{305711CD-53D7-408E-8D20-5B0B10965140}"
EndProject
Project("{FAE04EC0-301F-11D3-BF4B-00C04F79EFBC}") = "Soat.Eleven.FastFood.User.Tests", "Soat.Eleven.FastFood.User.Tests\Soat.Eleven.FastFood.User.Tests.csproj", "{3A964A53-0265-4801-8891-8CC64DA3D551}"
EndProject
Global
	GlobalSection(SolutionConfigurationPlatforms) = preSolution
		Debug|Any CPU = Debug|Any CPU
		Release|Any CPU = Release|Any CPU
	EndGlobalSection
	GlobalSection(ProjectConfigurationPlatforms) = postSolution
		{B93958CC-E795-4923-9403-0E9740C268FA}.Debug|Any CPU.ActiveCfg = Debug|Any CPU
		{B93958CC-E795-4923-9403-0E9740C268FA}.Debug|Any CPU.Build.0 = Debug|Any CPU
		{B93958CC-E795-4923-9403-0E9740C268FA}.Release|Any CPU.ActiveCfg = Release|Any CPU
		{B93958CC-E795-4923-9403-0E9740C268FA}.Release|Any CPU.Build.0 = Release|Any CPU
		{0E059757-E880-4E59-90B5-BA2AEACD3CF6}.Debug|Any CPU.ActiveCfg = Debug|Any CPU
		{0E059757-E880-4E59-90B5-BA2AEACD3CF6}.Debug|Any CPU.Build.0 = Debug|Any CPU
		{0E059757-E880-4E59-90B5-BA2AEACD3CF6}.Release|Any CPU.ActiveCfg = Release|Any CPU
		{0E059757-E880-4E59-90B5-BA2AEACD3CF6}.Release|Any CPU.Build.0 = Release|Any CPU
		{43A97243-45FA-4367-971F-602EEF3FF076}.Debug|Any CPU.ActiveCfg = Debug|Any CPU
		{43A97243-45FA-4367-971F-602EEF3FF076}.Debug|Any CPU.Build.0 = Debug|Any CPU
		{43A97243-45FA-4367-971F-602EEF3FF076}.Release|Any CPU.ActiveCfg = Release|Any CPU
		{43A97243-45FA-4367-971F-602EEF3FF076}.Release|Any CPU.Build.0 = Release|Any CPU
		{305711CD-53D7-408E-8D20-5B0B10965140}.Debug|Any CPU.ActiveCfg = Debug|Any CPU
		{305711CD-53D7-408E-8D20-5B0B10965140}.Debug|Any CPU.Build.0 = Debug|Any CPU
		{305711CD-53D7-408E-8D20-5B0B10965140}.Release|Any CPU.ActiveCfg = Release|Any CPU
		{305711CD-53D7-408E-8D20-5B0B10965140}.Release|Any CPU.Build.0 = Release|Any CPU
		{3A964A53-0265-4801-8891-8CC64DA3D551}.Debug|Any CPU.ActiveCfg = Debug|Any CPU
		{3A964A53-0265-4801-8891-8CC64DA3D551}.Debug|Any CPU.Build.0 = Debug|Any CPU
		{3A964A53-0265-4801-8891-8CC64DA3D551}.Release|Any CPU.ActiveCfg = Release|Any CPU
		{3A964A53-0265-4801-8891-8CC64DA3D551}.Release|Any CPU.Build.0 = Release|Any CPU
	EndGlobalSection
	GlobalSection(SolutionProperties) = preSolution
		HideSolutionNode = FALSE
	EndGlobalSection
	GlobalSection(ExtensibilityGlobals) = postSolution
		SolutionGuid = {B485D8F9-CCDB-4A29-9488-E10618AE4D6E}
	EndGlobalSection
EndGlobal
